// !$*UTF8*$!
{
	archiveVersion = 1;
	classes = {
	};
	objectVersion = 50;
	objects = {

/* Begin PBXBuildFile section */
		AF05117924C3A76200C81588 /* day-10-binaryNumbers.swift in Sources */ = {isa = PBXBuildFile; fileRef = AF05117824C3A76200C81588 /* day-10-binaryNumbers.swift */; };
		AF05117B24C5B8A200C81588 /* day-11-2DArrays.swift in Sources */ = {isa = PBXBuildFile; fileRef = AF05117A24C5B8A200C81588 /* day-11-2DArrays.swift */; };
		AF05118124C60D8000C81588 /* day-12-Inheritance.swift in Sources */ = {isa = PBXBuildFile; fileRef = AF05118024C60D8000C81588 /* day-12-Inheritance.swift */; };
		AF05118F24C764DE00C81588 /* day-13-abstractClass.swift in Sources */ = {isa = PBXBuildFile; fileRef = AF05118E24C764DE00C81588 /* day-13-abstractClass.swift */; };
		AF05119324C8EAE400C81588 /* day-14-Scope.swift in Sources */ = {isa = PBXBuildFile; fileRef = AF05119224C8EAE400C81588 /* day-14-Scope.swift */; };
		AF1E913724CCDB040082DC2F /* day-16-exceptions-StringToInteger.swift in Sources */ = {isa = PBXBuildFile; fileRef = AF1E913624CCDB040082DC2F /* day-16-exceptions-StringToInteger.swift */; };
		AF1E913924CCDDE00082DC2F /* day-17-moreExceptions.swift in Sources */ = {isa = PBXBuildFile; fileRef = AF1E913824CCDDE00082DC2F /* day-17-moreExceptions.swift */; };
		AF1EDD1E24C0C4D500078AD0 /* day-8-dictionariesAndMaps.swift in Sources */ = {isa = PBXBuildFile; fileRef = AF1EDD1D24C0C4D500078AD0 /* day-8-dictionariesAndMaps.swift */; };
		AF1EDD3624C2432F00078AD0 /* day-9-recursion.swift in Sources */ = {isa = PBXBuildFile; fileRef = AF1EDD3524C2432F00078AD0 /* day-9-recursion.swift */; };
		AFA71D2824C9FF1800238ECD /* day-15-LinkedList.swift in Sources */ = {isa = PBXBuildFile; fileRef = AFA71D2724C9FF1800238ECD /* day-15-LinkedList.swift */; };
		AFBBBD3224BE223B004CCBCC /* day-6-lets-review.swift in Sources */ = {isa = PBXBuildFile; fileRef = AFBBBD3124BE223B004CCBCC /* day-6-lets-review.swift */; };
		AFC5738524CE032700A5B074 /* day-18-queuesAndStacks.swift in Sources */ = {isa = PBXBuildFile; fileRef = AFC5738424CE032700A5B074 /* day-18-queuesAndStacks.swift */; };
		AFD2CC4F24BC92E300C477FC /* main.swift in Sources */ = {isa = PBXBuildFile; fileRef = AFD2CC4E24BC92E300C477FC /* main.swift */; };
		AFD2CC5624BC932900C477FC /* day-1-data-types.swift in Sources */ = {isa = PBXBuildFile; fileRef = AFD2CC5524BC932900C477FC /* day-1-data-types.swift */; };
		AFD2CC5824BC944800C477FC /* day-2-operators.swift in Sources */ = {isa = PBXBuildFile; fileRef = AFD2CC5724BC944800C477FC /* day-2-operators.swift */; };
		AFD2CC5A24BC95EC00C477FC /* day-3-intro-to-conditional-statements.swift in Sources */ = {isa = PBXBuildFile; fileRef = AFD2CC5924BC95EC00C477FC /* day-3-intro-to-conditional-statements.swift */; };
		AFD2CC5C24BC96E000C477FC /* day-4-class-vs-instance.swift in Sources */ = {isa = PBXBuildFile; fileRef = AFD2CC5B24BC96E000C477FC /* day-4-class-vs-instance.swift */; };
		AFE5BCE524BF74FD007B0C2E /* day-7-arrays.swift in Sources */ = {isa = PBXBuildFile; fileRef = AFE5BCE424BF74FD007B0C2E /* day-7-arrays.swift */; };
		AFF4220524BCF1AE00AB28DB /* day-5-loops.swift in Sources */ = {isa = PBXBuildFile; fileRef = AFF4220424BCF1AE00AB28DB /* day-5-loops.swift */; };
/* End PBXBuildFile section */

/* Begin PBXCopyFilesBuildPhase section */
		AFD2CC4924BC92E300C477FC /* CopyFiles */ = {
			isa = PBXCopyFilesBuildPhase;
			buildActionMask = 2147483647;
			dstPath = /usr/share/man/man1/;
			dstSubfolderSpec = 0;
			files = (
			);
			runOnlyForDeploymentPostprocessing = 1;
		};
/* End PBXCopyFilesBuildPhase section */

/* Begin PBXFileReference section */
		AF05117824C3A76200C81588 /* day-10-binaryNumbers.swift */ = {isa = PBXFileReference; lastKnownFileType = sourcecode.swift; path = "day-10-binaryNumbers.swift"; sourceTree = "<group>"; };
		AF05117A24C5B8A200C81588 /* day-11-2DArrays.swift */ = {isa = PBXFileReference; lastKnownFileType = sourcecode.swift; path = "day-11-2DArrays.swift"; sourceTree = "<group>"; };
		AF05118024C60D8000C81588 /* day-12-Inheritance.swift */ = {isa = PBXFileReference; lastKnownFileType = sourcecode.swift; path = "day-12-Inheritance.swift"; sourceTree = "<group>"; };
		AF05118E24C764DE00C81588 /* day-13-abstractClass.swift */ = {isa = PBXFileReference; lastKnownFileType = sourcecode.swift; path = "day-13-abstractClass.swift"; sourceTree = "<group>"; };
		AF05119224C8EAE400C81588 /* day-14-Scope.swift */ = {isa = PBXFileReference; lastKnownFileType = sourcecode.swift; path = "day-14-Scope.swift"; sourceTree = "<group>"; };
		AF1E913624CCDB040082DC2F /* day-16-exceptions-StringToInteger.swift */ = {isa = PBXFileReference; lastKnownFileType = sourcecode.swift; path = "day-16-exceptions-StringToInteger.swift"; sourceTree = "<group>"; };
		AF1E913824CCDDE00082DC2F /* day-17-moreExceptions.swift */ = {isa = PBXFileReference; lastKnownFileType = sourcecode.swift; path = "day-17-moreExceptions.swift"; sourceTree = "<group>"; };
		AF1EDD1D24C0C4D500078AD0 /* day-8-dictionariesAndMaps.swift */ = {isa = PBXFileReference; lastKnownFileType = sourcecode.swift; path = "day-8-dictionariesAndMaps.swift"; sourceTree = "<group>"; };
		AF1EDD3524C2432F00078AD0 /* day-9-recursion.swift */ = {isa = PBXFileReference; lastKnownFileType = sourcecode.swift; path = "day-9-recursion.swift"; sourceTree = "<group>"; };
		AFA71D2724C9FF1800238ECD /* day-15-LinkedList.swift */ = {isa = PBXFileReference; lastKnownFileType = sourcecode.swift; path = "day-15-LinkedList.swift"; sourceTree = "<group>"; };
		AFBBBD3124BE223B004CCBCC /* day-6-lets-review.swift */ = {isa = PBXFileReference; lastKnownFileType = sourcecode.swift; path = "day-6-lets-review.swift"; sourceTree = "<group>"; };
		AFC5738424CE032700A5B074 /* day-18-queuesAndStacks.swift */ = {isa = PBXFileReference; lastKnownFileType = sourcecode.swift; path = "day-18-queuesAndStacks.swift"; sourceTree = "<group>"; };
		AFD2CC4B24BC92E300C477FC /* 30DaysOfCode */ = {isa = PBXFileReference; explicitFileType = "compiled.mach-o.executable"; includeInIndex = 0; path = 30DaysOfCode; sourceTree = BUILT_PRODUCTS_DIR; };
		AFD2CC4E24BC92E300C477FC /* main.swift */ = {isa = PBXFileReference; lastKnownFileType = sourcecode.swift; path = main.swift; sourceTree = "<group>"; };
		AFD2CC5524BC932900C477FC /* day-1-data-types.swift */ = {isa = PBXFileReference; lastKnownFileType = sourcecode.swift; path = "day-1-data-types.swift"; sourceTree = "<group>"; };
		AFD2CC5724BC944800C477FC /* day-2-operators.swift */ = {isa = PBXFileReference; lastKnownFileType = sourcecode.swift; path = "day-2-operators.swift"; sourceTree = "<group>"; };
		AFD2CC5924BC95EC00C477FC /* day-3-intro-to-conditional-statements.swift */ = {isa = PBXFileReference; lastKnownFileType = sourcecode.swift; path = "day-3-intro-to-conditional-statements.swift"; sourceTree = "<group>"; };
		AFD2CC5B24BC96E000C477FC /* day-4-class-vs-instance.swift */ = {isa = PBXFileReference; lastKnownFileType = sourcecode.swift; path = "day-4-class-vs-instance.swift"; sourceTree = "<group>"; };
		AFE5BCE424BF74FD007B0C2E /* day-7-arrays.swift */ = {isa = PBXFileReference; lastKnownFileType = sourcecode.swift; path = "day-7-arrays.swift"; sourceTree = "<group>"; };
		AFF4220424BCF1AE00AB28DB /* day-5-loops.swift */ = {isa = PBXFileReference; lastKnownFileType = sourcecode.swift; path = "day-5-loops.swift"; sourceTree = "<group>"; };
/* End PBXFileReference section */

/* Begin PBXFrameworksBuildPhase section */
		AFD2CC4824BC92E300C477FC /* Frameworks */ = {
			isa = PBXFrameworksBuildPhase;
			buildActionMask = 2147483647;
			files = (
			);
			runOnlyForDeploymentPostprocessing = 0;
		};
/* End PBXFrameworksBuildPhase section */

/* Begin PBXGroup section */
		AFD2CC4224BC92E300C477FC = {
			isa = PBXGroup;
			children = (
				AFD2CC4D24BC92E300C477FC /* 30DaysOfCode */,
				AFD2CC4C24BC92E300C477FC /* Products */,
			);
			sourceTree = "<group>";
		};
		AFD2CC4C24BC92E300C477FC /* Products */ = {
			isa = PBXGroup;
			children = (
				AFD2CC4B24BC92E300C477FC /* 30DaysOfCode */,
			);
			name = Products;
			sourceTree = "<group>";
		};
		AFD2CC4D24BC92E300C477FC /* 30DaysOfCode */ = {
			isa = PBXGroup;
			children = (
				AFD2CC4E24BC92E300C477FC /* main.swift */,
				AFD2CC5524BC932900C477FC /* day-1-data-types.swift */,
				AFD2CC5724BC944800C477FC /* day-2-operators.swift */,
				AFD2CC5924BC95EC00C477FC /* day-3-intro-to-conditional-statements.swift */,
				AFD2CC5B24BC96E000C477FC /* day-4-class-vs-instance.swift */,
				AFF4220424BCF1AE00AB28DB /* day-5-loops.swift */,
				AFBBBD3124BE223B004CCBCC /* day-6-lets-review.swift */,
				AFE5BCE424BF74FD007B0C2E /* day-7-arrays.swift */,
				AF1EDD1D24C0C4D500078AD0 /* day-8-dictionariesAndMaps.swift */,
				AF1EDD3524C2432F00078AD0 /* day-9-recursion.swift */,
				AF05117824C3A76200C81588 /* day-10-binaryNumbers.swift */,
				AF05117A24C5B8A200C81588 /* day-11-2DArrays.swift */,
				AF05118024C60D8000C81588 /* day-12-Inheritance.swift */,
				AF05118E24C764DE00C81588 /* day-13-abstractClass.swift */,
				AF05119224C8EAE400C81588 /* day-14-Scope.swift */,
				AFA71D2724C9FF1800238ECD /* day-15-LinkedList.swift */,
				AF1E913624CCDB040082DC2F /* day-16-exceptions-StringToInteger.swift */,
				AF1E913824CCDDE00082DC2F /* day-17-moreExceptions.swift */,
				AFC5738424CE032700A5B074 /* day-18-queuesAndStacks.swift */,
			);
			path = 30DaysOfCode;
			sourceTree = "<group>";
		};
/* End PBXGroup section */

/* Begin PBXNativeTarget section */
		AFD2CC4A24BC92E300C477FC /* 30DaysOfCode */ = {
			isa = PBXNativeTarget;
			buildConfigurationList = AFD2CC5224BC92E300C477FC /* Build configuration list for PBXNativeTarget "30DaysOfCode" */;
			buildPhases = (
				AFD2CC4724BC92E300C477FC /* Sources */,
				AFD2CC4824BC92E300C477FC /* Frameworks */,
				AFD2CC4924BC92E300C477FC /* CopyFiles */,
			);
			buildRules = (
			);
			dependencies = (
			);
			name = 30DaysOfCode;
			productName = 30DaysOfCode;
			productReference = AFD2CC4B24BC92E300C477FC /* 30DaysOfCode */;
			productType = "com.apple.product-type.tool";
		};
/* End PBXNativeTarget section */

/* Begin PBXProject section */
		AFD2CC4324BC92E300C477FC /* Project object */ = {
			isa = PBXProject;
			attributes = {
				LastSwiftUpdateCheck = 1150;
				LastUpgradeCheck = 1150;
				ORGANIZATIONNAME = "Lidiane Gomes Barbosa";
				TargetAttributes = {
					AFD2CC4A24BC92E300C477FC = {
						CreatedOnToolsVersion = 11.5;
					};
				};
			};
			buildConfigurationList = AFD2CC4624BC92E300C477FC /* Build configuration list for PBXProject "30DaysOfCode" */;
			compatibilityVersion = "Xcode 9.3";
			developmentRegion = en;
			hasScannedForEncodings = 0;
			knownRegions = (
				en,
				Base,
			);
			mainGroup = AFD2CC4224BC92E300C477FC;
			productRefGroup = AFD2CC4C24BC92E300C477FC /* Products */;
			projectDirPath = "";
			projectRoot = "";
			targets = (
				AFD2CC4A24BC92E300C477FC /* 30DaysOfCode */,
			);
		};
/* End PBXProject section */

/* Begin PBXSourcesBuildPhase section */
		AFD2CC4724BC92E300C477FC /* Sources */ = {
			isa = PBXSourcesBuildPhase;
			buildActionMask = 2147483647;
			files = (
				AF05119324C8EAE400C81588 /* day-14-Scope.swift in Sources */,
				AFD2CC5624BC932900C477FC /* day-1-data-types.swift in Sources */,
				AFC5738524CE032700A5B074 /* day-18-queuesAndStacks.swift in Sources */,
				AFD2CC5824BC944800C477FC /* day-2-operators.swift in Sources */,
				AFA71D2824C9FF1800238ECD /* day-15-LinkedList.swift in Sources */,
				AF1E913724CCDB040082DC2F /* day-16-exceptions-StringToInteger.swift in Sources */,
				AF05117B24C5B8A200C81588 /* day-11-2DArrays.swift in Sources */,
				AFD2CC4F24BC92E300C477FC /* main.swift in Sources */,
				AFD2CC5C24BC96E000C477FC /* day-4-class-vs-instance.swift in Sources */,
				AFBBBD3224BE223B004CCBCC /* day-6-lets-review.swift in Sources */,
				AF05117924C3A76200C81588 /* day-10-binaryNumbers.swift in Sources */,
				AF05118F24C764DE00C81588 /* day-13-abstractClass.swift in Sources */,
				AFF4220524BCF1AE00AB28DB /* day-5-loops.swift in Sources */,
				AF1EDD1E24C0C4D500078AD0 /* day-8-dictionariesAndMaps.swift in Sources */,
				AF1E913924CCDDE00082DC2F /* day-17-moreExceptions.swift in Sources */,
				AF1EDD3624C2432F00078AD0 /* day-9-recursion.swift in Sources */,
				AFE5BCE524BF74FD007B0C2E /* day-7-arrays.swift in Sources */,
				AFD2CC5A24BC95EC00C477FC /* day-3-intro-to-conditional-statements.swift in Sources */,
				AF05118124C60D8000C81588 /* day-12-Inheritance.swift in Sources */,
			);
			runOnlyForDeploymentPostprocessing = 0;
		};
/* End PBXSourcesBuildPhase section */

/* Begin XCBuildConfiguration section */
		AFD2CC5024BC92E300C477FC /* Debug */ = {
			isa = XCBuildConfiguration;
			buildSettings = {
				ALWAYS_SEARCH_USER_PATHS = NO;
				CLANG_ANALYZER_NONNULL = YES;
				CLANG_ANALYZER_NUMBER_OBJECT_CONVERSION = YES_AGGRESSIVE;
				CLANG_CXX_LANGUAGE_STANDARD = "gnu++14";
				CLANG_CXX_LIBRARY = "libc++";
				CLANG_ENABLE_MODULES = YES;
				CLANG_ENABLE_OBJC_ARC = YES;
				CLANG_ENABLE_OBJC_WEAK = YES;
				CLANG_WARN_BLOCK_CAPTURE_AUTORELEASING = YES;
				CLANG_WARN_BOOL_CONVERSION = YES;
				CLANG_WARN_COMMA = YES;
				CLANG_WARN_CONSTANT_CONVERSION = YES;
				CLANG_WARN_DEPRECATED_OBJC_IMPLEMENTATIONS = YES;
				CLANG_WARN_DIRECT_OBJC_ISA_USAGE = YES_ERROR;
				CLANG_WARN_DOCUMENTATION_COMMENTS = YES;
				CLANG_WARN_EMPTY_BODY = YES;
				CLANG_WARN_ENUM_CONVERSION = YES;
				CLANG_WARN_INFINITE_RECURSION = YES;
				CLANG_WARN_INT_CONVERSION = YES;
				CLANG_WARN_NON_LITERAL_NULL_CONVERSION = YES;
				CLANG_WARN_OBJC_IMPLICIT_RETAIN_SELF = YES;
				CLANG_WARN_OBJC_LITERAL_CONVERSION = YES;
				CLANG_WARN_OBJC_ROOT_CLASS = YES_ERROR;
				CLANG_WARN_RANGE_LOOP_ANALYSIS = YES;
				CLANG_WARN_STRICT_PROTOTYPES = YES;
				CLANG_WARN_SUSPICIOUS_MOVE = YES;
				CLANG_WARN_UNGUARDED_AVAILABILITY = YES_AGGRESSIVE;
				CLANG_WARN_UNREACHABLE_CODE = YES;
				CLANG_WARN__DUPLICATE_METHOD_MATCH = YES;
				COPY_PHASE_STRIP = NO;
				DEBUG_INFORMATION_FORMAT = dwarf;
				ENABLE_STRICT_OBJC_MSGSEND = YES;
				ENABLE_TESTABILITY = YES;
				GCC_C_LANGUAGE_STANDARD = gnu11;
				GCC_DYNAMIC_NO_PIC = NO;
				GCC_NO_COMMON_BLOCKS = YES;
				GCC_OPTIMIZATION_LEVEL = 0;
				GCC_PREPROCESSOR_DEFINITIONS = (
					"DEBUG=1",
					"$(inherited)",
				);
				GCC_WARN_64_TO_32_BIT_CONVERSION = YES;
				GCC_WARN_ABOUT_RETURN_TYPE = YES_ERROR;
				GCC_WARN_UNDECLARED_SELECTOR = YES;
				GCC_WARN_UNINITIALIZED_AUTOS = YES_AGGRESSIVE;
				GCC_WARN_UNUSED_FUNCTION = YES;
				GCC_WARN_UNUSED_VARIABLE = YES;
				MACOSX_DEPLOYMENT_TARGET = 10.15;
				MTL_ENABLE_DEBUG_INFO = INCLUDE_SOURCE;
				MTL_FAST_MATH = YES;
				ONLY_ACTIVE_ARCH = YES;
				SDKROOT = macosx;
				SWIFT_ACTIVE_COMPILATION_CONDITIONS = DEBUG;
				SWIFT_OPTIMIZATION_LEVEL = "-Onone";
			};
			name = Debug;
		};
		AFD2CC5124BC92E300C477FC /* Release */ = {
			isa = XCBuildConfiguration;
			buildSettings = {
				ALWAYS_SEARCH_USER_PATHS = NO;
				CLANG_ANALYZER_NONNULL = YES;
				CLANG_ANALYZER_NUMBER_OBJECT_CONVERSION = YES_AGGRESSIVE;
				CLANG_CXX_LANGUAGE_STANDARD = "gnu++14";
				CLANG_CXX_LIBRARY = "libc++";
				CLANG_ENABLE_MODULES = YES;
				CLANG_ENABLE_OBJC_ARC = YES;
				CLANG_ENABLE_OBJC_WEAK = YES;
				CLANG_WARN_BLOCK_CAPTURE_AUTORELEASING = YES;
				CLANG_WARN_BOOL_CONVERSION = YES;
				CLANG_WARN_COMMA = YES;
				CLANG_WARN_CONSTANT_CONVERSION = YES;
				CLANG_WARN_DEPRECATED_OBJC_IMPLEMENTATIONS = YES;
				CLANG_WARN_DIRECT_OBJC_ISA_USAGE = YES_ERROR;
				CLANG_WARN_DOCUMENTATION_COMMENTS = YES;
				CLANG_WARN_EMPTY_BODY = YES;
				CLANG_WARN_ENUM_CONVERSION = YES;
				CLANG_WARN_INFINITE_RECURSION = YES;
				CLANG_WARN_INT_CONVERSION = YES;
				CLANG_WARN_NON_LITERAL_NULL_CONVERSION = YES;
				CLANG_WARN_OBJC_IMPLICIT_RETAIN_SELF = YES;
				CLANG_WARN_OBJC_LITERAL_CONVERSION = YES;
				CLANG_WARN_OBJC_ROOT_CLASS = YES_ERROR;
				CLANG_WARN_RANGE_LOOP_ANALYSIS = YES;
				CLANG_WARN_STRICT_PROTOTYPES = YES;
				CLANG_WARN_SUSPICIOUS_MOVE = YES;
				CLANG_WARN_UNGUARDED_AVAILABILITY = YES_AGGRESSIVE;
				CLANG_WARN_UNREACHABLE_CODE = YES;
				CLANG_WARN__DUPLICATE_METHOD_MATCH = YES;
				COPY_PHASE_STRIP = NO;
				DEBUG_INFORMATION_FORMAT = "dwarf-with-dsym";
				ENABLE_NS_ASSERTIONS = NO;
				ENABLE_STRICT_OBJC_MSGSEND = YES;
				GCC_C_LANGUAGE_STANDARD = gnu11;
				GCC_NO_COMMON_BLOCKS = YES;
				GCC_WARN_64_TO_32_BIT_CONVERSION = YES;
				GCC_WARN_ABOUT_RETURN_TYPE = YES_ERROR;
				GCC_WARN_UNDECLARED_SELECTOR = YES;
				GCC_WARN_UNINITIALIZED_AUTOS = YES_AGGRESSIVE;
				GCC_WARN_UNUSED_FUNCTION = YES;
				GCC_WARN_UNUSED_VARIABLE = YES;
				MACOSX_DEPLOYMENT_TARGET = 10.15;
				MTL_ENABLE_DEBUG_INFO = NO;
				MTL_FAST_MATH = YES;
				SDKROOT = macosx;
				SWIFT_COMPILATION_MODE = wholemodule;
				SWIFT_OPTIMIZATION_LEVEL = "-O";
			};
			name = Release;
		};
		AFD2CC5324BC92E300C477FC /* Debug */ = {
			isa = XCBuildConfiguration;
			buildSettings = {
				CODE_SIGN_STYLE = Automatic;
				DEVELOPMENT_TEAM = T373QFGJQA;
				ENABLE_HARDENED_RUNTIME = YES;
				PRODUCT_NAME = "$(TARGET_NAME)";
				SWIFT_VERSION = 5.0;
			};
			name = Debug;
		};
		AFD2CC5424BC92E300C477FC /* Release */ = {
			isa = XCBuildConfiguration;
			buildSettings = {
				CODE_SIGN_STYLE = Automatic;
				DEVELOPMENT_TEAM = T373QFGJQA;
				ENABLE_HARDENED_RUNTIME = YES;
				PRODUCT_NAME = "$(TARGET_NAME)";
				SWIFT_VERSION = 5.0;
			};
			name = Release;
		};
/* End XCBuildConfiguration section */

/* Begin XCConfigurationList section */
		AFD2CC4624BC92E300C477FC /* Build configuration list for PBXProject "30DaysOfCode" */ = {
			isa = XCConfigurationList;
			buildConfigurations = (
				AFD2CC5024BC92E300C477FC /* Debug */,
				AFD2CC5124BC92E300C477FC /* Release */,
			);
			defaultConfigurationIsVisible = 0;
			defaultConfigurationName = Release;
		};
		AFD2CC5224BC92E300C477FC /* Build configuration list for PBXNativeTarget "30DaysOfCode" */ = {
			isa = XCConfigurationList;
			buildConfigurations = (
				AFD2CC5324BC92E300C477FC /* Debug */,
				AFD2CC5424BC92E300C477FC /* Release */,
			);
			defaultConfigurationIsVisible = 0;
			defaultConfigurationName = Release;
		};
/* End XCConfigurationList section */
	};
	rootObject = AFD2CC4324BC92E300C477FC /* Project object */;
}
